
Microsoft Visual Studio Solution File, Format Version 12.00
# Visual Studio 15
VisualStudioVersion = 15.0.28010.2048
MinimumVisualStudioVersion = 10.0.40219.1
Project("{FAE04EC0-301F-11D3-BF4B-00C04F79EFBC}") = "Urok_0511_ОтсоединенныйРежим", "Urok_0511_ОтсоединенныйРежим\Urok_0511_ОтсоединенныйРежим.csproj", "{C604A38B-86A7-4A42-924E-34B3941AB76C}"
EndProject
Global
	GlobalSection(SolutionConfigurationPlatforms) = preSolution
		Debug|Any CPU = Debug|Any CPU
		Release|Any CPU = Release|Any CPU
	EndGlobalSection
	GlobalSection(ProjectConfigurationPlatforms) = postSolution
		{C604A38B-86A7-4A42-924E-34B3941AB76C}.Debug|Any CPU.ActiveCfg = Debug|Any CPU
		{C604A38B-86A7-4A42-924E-34B3941AB76C}.Debug|Any CPU.Build.0 = Debug|Any CPU
		{C604A38B-86A7-4A42-924E-34B3941AB76C}.Release|Any CPU.ActiveCfg = Release|Any CPU
		{C604A38B-86A7-4A42-924E-34B3941AB76C}.Release|Any CPU.Build.0 = Release|Any CPU
	EndGlobalSection
	GlobalSection(SolutionProperties) = preSolution
		HideSolutionNode = FALSE
	EndGlobalSection
	GlobalSection(ExtensibilityGlobals) = postSolution
		SolutionGuid = {814E1A4E-6584-402C-8890-8DE81AD7CBC9}
	EndGlobalSection
EndGlobal
